version = 1
revision = 3
requires-python = "==3.12.*"

[[package]]
name = "certifi"
version = "2026.7.22"
source = { registry = "https://pypi.org/simple" }
sdist = { url = "https://files.pythonhosted.org/packages/a3/c2/24167ea9858356b47a87a50d39908bfdb72ceeefe0041586e704e5376b3a/certifi-2026.7.22.tar.gz", hash = "sha256:741e2c3b351ddf169a738da9f2c048608ff7f2c5cc02f1ebc6b118bb090d5d55", size = 138112, upload-time = "2026-07-22T03:35:12.644Z" }
wheels = [
    { url = "https://files.pythonhosted.org/packages/0b/a7/71ac2cff56fec219ed242bb11b8efb69fcc4bec75db06fb7bfe35de520e6/certifi-2026.7.22-py3-none-any.whl", hash = "sha256:62f22742b58a1a33014a2b6b706588a8d7e2a88ae7bd1a6ebe8c992928483775", size = 136983, upload-time = "2026-07-22T03:35:11.276Z" },
]

[[package]]
name = "charset-normalizer"
version = "3.5.2"
source = { registry = "https://pypi.org/simple" }
sdist = { url = "https://files.pythonhosted.org/packages/33/1c/f41d4e74c28ab327ff3acd36053f7ea506c55872d7a90b0fa71aa3ab0c89/charset_normalizer-3.5.2.tar.gz", hash = "sha256:39de2a259fc954455c57274dc94c79d5842774e1247a016aff30bc0efed0f4ef", size = 172659, upload-time = "2026-09-30T04:39:23.398Z" }
wheels = [
    { url = "https://files.pythonhosted.org/packages/e7/c8/693809898870237d82785a03f3b2b58fe4c9f14669f84a7d4e623c92a59e/charset_normalizer-3.5.2-cp312-cp312-macosx_10_13_universal2.whl", hash = "sha256:ed2a239c0ea213acc1908150a3037257083c7c083128f1a4cec2ec4b97dca491", size = 367780, upload-time = "2026-09-30T04:35:30.888Z" },
    { url = "https://files.pythonhosted.org/packages/c9/87/2fea8c13dc24b3ca9c6f803a5b2dfdeae73eb4f9e12c7885ed908ff0433c/charset_normalizer-3.5.2-cp312-cp312-manylinux2014_aarch64.manylinux_2_17_aarch64.manylinux_2_28_aarch64.whl", hash = "sha256:b91363207bd9dc966a691e959bb47f64b30f7ac4b072be9968b366982f7db77c", size = 246730, upload-time = "2026-09-30T04:35:32.286Z" },
    { url = "https://files.pythonhosted.org/packages/a8/9e/09efac30b937722f46d3110ba30b875b24b2e3a266ed746cc4e376a94d80/charset_normalizer-3.5.2-cp312-cp312-manylinux2014_armv7l.manylinux_2_17_armv7l.manylinux_2_31_armv7l.whl", hash = "sha256:38a873987f3be698494da8b2e3085e29da02da7b633dce73e79c699a113d7bf0", size = 237707, upload-time = "2026-09-30T04:35:33.709Z" },
    { url = "https://files.pythonhosted.org/packages/9e/18/70d76670b13686237863a379928d60bd10e021f17d243ab3d7014c4a5f4e/charset_normalizer-3.5.2-cp312-cp312-manylinux2014_ppc64le.manylinux_2_17_ppc64le.manylinux_2_28_ppc64le.whl", hash = "sha256:355ad8011081dec5412240c087a9a0c9d4d5039f3ed11a3f13e18c2b29b56c51", size = 273050, upload-time = "2026-09-30T04:35:35.138Z" },
    { url = "https://files.pythonhosted.org/packages/54/e2/77a8b09d5adc013ed07b95b01b8b8fa5441c4e810e83ee7e4aae2fa4d91a/charset_normalizer-3.5.2-cp312-cp312-manylinux2014_s390x.manylinux_2_17_s390x.manylinux_2_28_s390x.whl", hash = "sha256:ee21e28f0430bd6dc9086c6e525d5e818a44a5ad19720c8a0ef766792f3eb5e5", size = 270345, upload-time = "2026-09-30T04:35:36.502Z" },
    { url = "https://files.pythonhosted.org/packages/7f/c5/38806a25ab5e65fc178f39affeda20858efafede2fce1ffc2556cfc9fe73/charset_normalizer-3.5.2-cp312-cp312-manylinux2014_x86_64.manylinux_2_17_x86_64.manylinux_2_28_x86_64.whl", hash = "sha256:3d31298449090ab8d47b7b1b2a555ff73cac7ed438a08b7ac160980c7ebed649", size = 257601, upload-time = "2026-09-30T04:35:37.919Z" },
    { url = "https://files.pythonhosted.org/packages/ae/8d/213565184708fdb263ae55e2c04ee1ff748129dd65d48ed0e3502da9c85a/charset_normalizer-3.5.2-cp312-cp312-manylinux_2_31_riscv64.manylinux_2_39_riscv64.whl", hash = "sha256:5cde776b7cc66e4f6c99612cea4aa7269aa65863f7a15841b2c264f103822f4e", size = 252222, upload-time = "2026-09-30T04:35:39.544Z" },
    { url = "https://files.pythonhosted.org/packages/7e/24/76d2cefc25472531e4c5c7dfff68865eb1c39b78482f0fdc15b46f047830/charset_normalizer-3.5.2-cp312-cp312-musllinux_1_2_aarch64.whl", hash = "sha256:ae4f5fea5b8b8ccff88238cc8569303e5ee95efae67fa62922a311397a71f346", size = 248482, upload-time = "2026-09-30T04:35:41.088Z" },
    { url = "https://files.pythonhosted.org/packages/7d/dc/65a801b66ab4c197e22c433ab25e7ac24324ac6f45a2269aca42cce309bf/charset_normalizer-3.5.2-cp312-cp312-musllinux_1_2_armv7l.whl", hash = "sha256:f7d486c83842422badd511868fd8a9a20e9407ace71564b6af47ce7e60a336c1", size = 241206, upload-time = "2026-09-30T04:35:42.59Z" },
    { url = "https://files.pythonhosted.org/packages/a7/95/ca9b5eabde673002c6f1e7ada1b223916fe18f6d661da7aabd4d643718f1/charset_normalizer-3.5.2-cp312-cp312-musllinux_1_2_ppc64le.whl", hash = "sha256:11a4d68a6ecda3292cb1e50239e111543ba5d709bb62a6b4ea1afcfa729d8875", size = 273190, upload-time = "2026-09-30T04:35:44.347Z" },
    { url = "https://files.pythonhosted.org/packages/2d/8b/803b4d2a3f6e1740f63f1e87b04d14b42f3d4fdfe6ed7d4db2d34102b14f/charset_normalizer-3.5.2-cp312-cp312-musllinux_1_2_riscv64.whl", hash = "sha256:d6734d2ef8a50fbf8445c139477da401f50d62a0606bf00e20ec6d87773fefb1", size = 253527, upload-time = "2026-09-30T04:35:45.915Z" },
    { url = "https://files.pythonhosted.org/packages/a9/55/93c0e5dbd085ae0471346026abbe7e0db9ea2d6fea74e51f0b5a46f233a7/charset_normalizer-3.5.2-cp312-cp312-musllinux_1_2_s390x.whl", hash = "sha256:a815775b6c38d4e0ff7bcffbeba67feded90202bb6a226b8dd35f1c855217413", size = 271285, upload-time = "2026-09-30T04:35:47.49Z" },
    { url = "https://files.pythonhosted.org/packages/95/69/0dbd0e0b9b16cfa816cdfcb3e2e3854a1f680dc07fb1245ea125e7448060/charset_normalizer-3.5.2-cp312-cp312-musllinux_1_2_x86_64.whl", hash = "sha256:23851fb4e1b85ed3f6c2a27b777cdfe2e19fb5b38429a8faf38c7542b7665869", size = 260010, upload-time = "2026-09-30T04:35:48.996Z" },
    { url = "https://files.pythonhosted.org/packages/58/9d/e7b88e7b1bf403590c3b573277b5e1e488c68c7a6fbacca310a2c324e90c/charset_normalizer-3.5.2-cp312-cp312-win32.whl", hash = "sha256:db19d07e2e0129e974a0e65d0064fc222a446cd5122c2fd4184d2af9fc734a9e", size = 184125, upload-time = "2026-09-30T04:35:50.777Z" },
    { url = "https://files.pythonhosted.org/packages/eb/e6/e6e083884cbcfd49c64865af05027fe7011be7b2d9179524f099a1b611f3/charset_normalizer-3.5.2-cp312-cp312-win_amd64.whl", hash = "sha256:780fbe7cab297b81dad9fb8dc5eb003c0468ffb0d9e5f65068c53a34661a96bc", size = 207486, upload-time = "2026-09-30T04:35:52.194Z" },
    { url = "https://files.pythonhosted.org/packages/c4/e3/017aea0911ada7405a825c7d937eb3a13009664e2f5b38e8c4bbf2abf894/charset_normalizer-3.5.2-cp312-cp312-win_arm64.whl", hash = "sha256:e2af3aad578aa6bd1384bcf4750fc285e5a9de53f40b7d41e5a0bf748edeb2b3", size = 196734, upload-time = "2026-09-30T04:35:53.636Z" },
    { url = "https://files.pythonhosted.org/packages/8c/ab/176fbfd5b64939c55d652366aa5b9ef1d767af207a3aa6ebeb0d226c484d/charset_normalizer-3.5.2-cp37-abi3-macosx_10_9_universal2.whl", hash = "sha256:4275811936e2f06feff5e598fb42a1b7ae852da8e39605211892b56b81a34efd", size = 331815, upload-time = "2026-09-30T04:38:26.216Z" },
    { url = "https://files.pythonhosted.org/packages/7e/84/371eac6b30bdbcbf2d632a1a01809103459216fcaae61b8b8d922c1bfb8a/charset_normalizer-3.5.2-cp37-abi3-manylinux1_x86_64.manylinux_2_28_x86_64.manylinux_2_5_x86_64.whl", hash = "sha256:1c50fe28bbc2ced33386f298650d91218076c05420e6cbd790b913adc41659e7", size = 253276, upload-time = "2026-09-30T04:38:28.032Z" },
    { url = "https://files.pythonhosted.org/packages/43/6f/c4fbae58febff71709c51bc7e18fdfa55341dc382704740f9f0cbf03817b/charset_normalizer-3.5.2-cp37-abi3-manylinux2014_aarch64.manylinux_2_17_aarch64.manylinux_2_28_aarch64.whl", hash = "sha256:d19fbd981a488e22cd04883659ca6b08f50b5974f9fd7c95655ef6a043e5893f", size = 241239, upload-time = "2026-09-30T04:38:29.732Z" },
    { url = "https://files.pythonhosted.org/packages/61/71/458c3f42164a07d0c5210798e9e704b39e540a6793b05aba67f3a35243a9/charset_normalizer-3.5.2-cp37-abi3-manylinux2014_armv7l.manylinux_2_17_armv7l.manylinux_2_31_armv7l.whl", hash = "sha256:0fed1d06615f022ee3b13caf5e8b180cfea32bb2c5aded8a9d44277afc040f93", size = 231121, upload-time = "2026-09-30T04:38:31.462Z" },
    { url = "https://files.pythonhosted.org/packages/09/54/ab9e89367076f6331bb6c65c4bf14a5361fa5191cb6561bf534f18504e1b/charset_normalizer-3.5.2-cp37-abi3-manylinux2014_ppc64le.manylinux_2_17_ppc64le.manylinux_2_28_ppc64le.whl", hash = "sha256:838dcc90063569a0448120554591a1d6c4a4ffe11babf048908793154ab86ade", size = 260350, upload-time = "2026-09-30T04:38:33.239Z" },
    { url = "https://files.pythonhosted.org/packages/7c/c1/061431ecc688d9d76602502cb57cc01e691e682c18f1beb45f9673b5bbd2/charset_normalizer-3.5.2-cp37-abi3-manylinux2014_s390x.manylinux_2_17_s390x.manylinux_2_28_s390x.whl", hash = "sha256:2ce45c6627b22c47e390bc91a41c3d13032192e699fa0bea96e9671b373d69b0", size = 255430, upload-time = "2026-09-30T04:38:34.865Z" },
    { url = "https://files.pythonhosted.org/packages/8d/1f/20c8949f0676f7ab811abdeb7f4d7f1cbc6e61ff20bef08b44edeb092bc8/charset_normalizer-3.5.2-cp37-abi3-manylinux_2_31_riscv64.manylinux_2_39_riscv64.whl", hash = "sha256:0774bf9bf620249fee3e0b8b9fd3065de213be30f3aa94ce2494b3b638949e26", size = 250612, upload-time = "2026-09-30T04:38:36.649Z" },
    { url = "https://files.pythonhosted.org/packages/2b/9e/46f2fa4c431fc98c4ae76a8cb5bdca54e0341e3cfc3fcfd8e82740250818/charset_normalizer-3.5.2-cp37-abi3-musllinux_1_2_aarch64.whl", hash = "sha256:1db38f4c5496827c1a501846d64d14c3b80c7e6714e406cd7dc36a9899fa1011", size = 242083, upload-time = "2026-09-30T04:38:38.26Z" },
    { url = "https://files.pythonhosted.org/packages/bd/39/559be29a0c0f086e0bba6922babd38916cc5e0b58ced4de13ee01ea05508/charset_normalizer-3.5.2-cp37-abi3-musllinux_1_2_armv7l.whl", hash = "sha256:304d8e4d493af723536393eee0c689eb7813f4a474c8b479dee63f1fdd98f621", size = 232738, upload-time = "2026-09-30T04:38:39.81Z" },
    { url = "https://files.pythonhosted.org/packages/ff/6c/387b0e4f756a282831c1d9fc6aeb6c51ca4507ca202767c8de15ce9b12e2/charset_normalizer-3.5.2-cp37-abi3-musllinux_1_2_ppc64le.whl", hash = "sha256:9b7f416ff0978e2f2249330527f0ad6fa02f4932e6199692d3b52da2048c19e4", size = 260703, upload-time = "2026-09-30T04:38:41.346Z" },
    { url = "https://files.pythonhosted.org/packages/96/92/1fdf015f09ef449f50d3ac4b67c90887c9c318b727daa95cc4f866e6521d/charset_normalizer-3.5.2-cp37-abi3-musllinux_1_2_riscv64.whl", hash = "sha256:01077390b03f7988f11d700a2194e69b119741a86b1a638b1db88891e3eced8e", size = 247622, upload-time = "2026-09-30T04:38:42.937Z" },
    { url = "https://files.pythonhosted.org/packages/dc/3c/8e7b8a5671ad5d433669fb2a76f1a0164df2d9b1718b0206bc2a16d840cc/charset_normalizer-3.5.2-cp37-abi3-musllinux_1_2_s390x.whl", hash = "sha256:7e841fb9010836c992c9f12fcbd43a831de93a5f726fc1ccd8ca1d0268c5014c", size = 257500, upload-time = "2026-09-30T04:38:44.604Z" },
    { url = "https://files.pythonhosted.org/packages/b4/f0/45b579df5cabc1d5d53ea1cc35e8437d3ca768c0acccc7041517cb6fbb32/charset_normalizer-3.5.2-cp37-abi3-musllinux_1_2_x86_64.whl", hash = "sha256:9cae88599c7219005d879f98e5ed53341e9a122af585e1091200358a3003d2a0", size = 255100, upload-time = "2026-09-30T04:38:46.289Z" },
    { url = "https://files.pythonhosted.org/packages/31/68/fdec18a343f5fb3f310588dd478b09ac4799e0b187dbade3a8cd776f03ef/charset_normalizer-3.5.2-cp37-abi3-win32.whl", hash = "sha256:01b0c0d2262a9e28e8484a278c7e1b5d650e3ac8cf2683d2967e25899f208bdf", size = 174499, upload-time = "2026-09-30T04:38:47.999Z" },
    { url = "https://files.pythonhosted.org/packages/9d/8a/b618149cc5207943a0242068d7a27897f56a62947b5a039085f2a22029f8/charset_normalizer-3.5.2-cp37-abi3-win_amd64.whl", hash = "sha256:9f56f72050826f63dcee7a7f55b0a77168cb3bfc553fd405e7f8f9ece75a4036", size = 200092, upload-time = "2026-09-30T04:38:49.707Z" },
    { url = "https://files.pythonhosted.org/packages/03/cf/4c66866fa9e2b1c78e3c911516d1de497a677b7ac60f1eceda74ce777ca3/charset_normalizer-3.5.2-cp37-abi3-win_arm64.whl", hash = "sha256:40ab6bffa02ae10a0581e6c198be7d2d8ca5c2a0c64e4ed3465d766df457573e", size = 294363, upload-time = "2026-09-30T04:38:51.312Z" },
    { url = "https://files.pythonhosted.org/packages/fc/ad/d07d7862a62ffa6d79d68074d14823243dd235a77c45262acbf6adeb28bf/charset_normalizer-3.5.2-py3-none-any.whl", hash = "sha256:b6b751274acb69d77b3323d6b7dbaa3c7fdfc1eb829b7eb61d262f32e1af9685", size = 68872, upload-time = "2026-09-30T04:39:21.828Z" },
]

[[package]]
name = "colorama"
version = "0.4.6"
source = { registry = "https://pypi.org/simple" }
sdist = { url = "https://files.pythonhosted.org/packages/d8/53/6f443c9a4a8358a93a6792e2acffb9d9d5cb0a5cfd8802644b7b1c9a02e4/colorama-0.4.6.tar.gz", hash = "sha256:08695f5cb7ed6e0531a20572697297273c47b8cae5a63ffc6d6ed5c201be6e44", size = 27697, upload-time = "2022-10-25T02:36:22.414Z" }
wheels = [
    { url = "https://files.pythonhosted.org/packages/d1/d6/3965ed04c63042e047cb6a3e6ed1a63a35087b6a609aa3a15ed8ac56c221/colorama-0.4.6-py2.py3-none-any.whl", hash = "sha256:4f1d9991f5acc0ca119f9d443620b77f9d6b33703e51011c16baf57afb285fc6", size = 25335, upload-time = "2022-10-25T02:36:20.889Z" },
]

[[package]]
name = "idna"
version = "3.20"
source = { registry = "https://pypi.org/simple" }
sdist = { url = "https://files.pythonhosted.org/packages/f5/08/8eea9d4b8302028f3abb2c0813953f7aec26d33b7a8960ed760e65ff29fa/idna-3.20.tar.gz", hash = "sha256:a7db850025b95ded1eae8a46181a1a6c56c92c96f0e2b005d9ff8dc0210cab44", size = 216463, upload-time = "2026-09-17T14:11:04.752Z" }
wheels = [
    { url = "https://files.pythonhosted.org/packages/58/a2/bb081bab032533a855d44de1d56f8e8426114ff1ba5d1f07a438a0a654f8/idna-3.20-py3-none-any.whl", hash = "sha256:ab7ae7122974553370f0bdb919e1a960b2cd1bc1ef0276416d896db81c14582c", size = 69583, upload-time = "2026-09-17T14:11:03.168Z" },
]

[[package]]
name = "iniconfig"
version = "2.3.0"
source = { registry = "https://pypi.org/simple" }
sdist = { url = "https://files.pythonhosted.org/packages/72/34/14ca021ce8e5dfedc35312d08ba8bf51fdd999c576889fc2c24cb97f4f10/iniconfig-2.3.0.tar.gz", hash = "sha256:c76315c77db068650d49c5b56314774a7804df16fee4402c1f19d6d15d8c4730", size = 20503, upload-time = "2025-10-18T21:55:43.219Z" }
wheels = [
    { url = "https://files.pythonhosted.org/packages/cb/b1/3846dd7f199d53cb17f49cba7e651e9ce294d8497c8c150530ed11865bb8/iniconfig-2.3.0-py3-none-any.whl", hash = "sha256:f631c04d2c48c52b84d0d0549c99ff3859c98df65b3101406327ecc7d53fbf12", size = 7484, upload-time = "2025-10-18T21:55:41.639Z" },
]

[[package]]
name = "packaging"
version = "26.3"
source = { registry = "https://pypi.org/simple" }
sdist = { url = "https://files.pythonhosted.org/packages/7d/fa/3944b40b07da9ce895c0e6303a5ab7d53da063554f534556b134a54d6093/packaging-26.3.tar.gz", hash = "sha256:94edc256424af38762eb31306eed28beb9f0efc50a8837492c9d6fd6004aed79", size = 313412, upload-time = "2026-08-04T18:15:28.737Z" }
wheels = [
    { url = "https://files.pythonhosted.org/packages/63/34/ba1c580383c9eada3711951fef0795c80b829a078d72188184bcab9dd527/packaging-26.3-py3-none-any.whl", hash = "sha256:d7193f7c8e4e93f444fde0262bf90af30e16fa0ad0ad44cb553c87339b23cd1c", size = 129956, upload-time = "2026-08-04T18:15:27.159Z" },
]

[[package]]
name = "pluggy"
version = "1.6.0"
source = { registry = "https://pypi.org/simple" }
sdist = { url = "https://files.pythonhosted.org/packages/f9/e2/3e91f31a7d2b083fe6ef3fa267035b518369d9511ffab804f839851d2779/pluggy-1.6.0.tar.gz", hash = "sha256:7dcc130b76258d33b90f61b658791dede3486c3e6bfb003ee5c9bfb396dd22f3", size = 69412, upload-time = "2025-05-15T12:30:07.975Z" }
wheels = [
    { url = "https://files.pythonhosted.org/packages/54/20/4d324d65cc6d9205fabedc306948156824eb9f0ee1633355a8f7ec5c66bf/pluggy-1.6.0-py3-none-any.whl", hash = "sha256:e920276dd6813095e9377c0bc5566d94c932c33b27a3e3945d8389c374dd4746", size = 20538, upload-time = "2025-05-15T12:30:06.134Z" },
]

[[package]]
name = "pytest"
version = "8.3.5"
source = { registry = "https://pypi.org/simple" }
dependencies = [
    { name = "colorama", marker = "sys_platform == 'win32'" },
    { name = "iniconfig" },
    { name = "packaging" },
    { name = "pluggy" },
]
sdist = { url = "https://files.pythonhosted.org/packages/ae/3c/c9d525a414d506893f0cd8a8d0de7706446213181570cdbd766691164e40/pytest-8.3.5.tar.gz", hash = "sha256:f4efe70cc14e511565ac476b57c279e12a855b11f48f212af1080ef2263d3845", size = 1450891, upload-time = "2025-03-02T12:54:54.503Z" }
wheels = [
    { url = "https://files.pythonhosted.org/packages/30/3d/64ad57c803f1fa1e963a7946b6e0fea4a70df53c1a7fed304586539c2bac/pytest-8.3.5-py3-none-any.whl", hash = "sha256:c69214aa47deac29fad6c2a4f590b9c4a9fdb16a403176fe154b79c0b4d4d820", size = 343634, upload-time = "2025-03-02T12:54:52.069Z" },
]

[[package]]
name = "pytest-asyncio"
version = "0.26.0"
source = { registry = "https://pypi.org/simple" }
dependencies = [
    { name = "pytest" },
]
sdist = { url = "https://files.pythonhosted.org/packages/8e/c4/453c52c659521066969523e87d85d54139bbd17b78f09532fb8eb8cdb58e/pytest_asyncio-0.26.0.tar.gz", hash = "sha256:c4df2a697648241ff39e7f0e4a73050b03f123f760673956cf0d72a4990e312f", size = 54156, upload-time = "2025-03-25T06:22:28.883Z" }
wheels = [
    { url = "https://files.pythonhosted.org/packages/20/7f/338843f449ace853647ace35870874f69a764d251872ed1b4de9f234822c/pytest_asyncio-0.26.0-py3-none-any.whl", hash = "sha256:7b51ed894f4fbea1340262bdae5135797ebbe21d8638978e35d31c6d19f72fb0", size = 19694, upload-time = "2025-03-25T06:22:27.807Z" },
]

[[package]]
name = "raghub-core"
version = "0.1.0"
source = { editable = "." }
dependencies = [
    { name = "tiktoken" },
]

[package.optional-dependencies]
dev = [
    { name = "pytest" },
    { name = "pytest-asyncio" },
    { name = "ruff" },
]

[package.metadata]
requires-dist = [
    { name = "pytest", marker = "extra == 'dev'", specifier = "==8.3.5" },
    { name = "pytest-asyncio", marker = "extra == 'dev'", specifier = "==0.26.0" },
    { name = "ruff", marker = "extra == 'dev'", specifier = "==0.12.9" },
    { name = "tiktoken", specifier = "==0.9.0" },
]
provides-extras = ["dev"]

[[package]]
name = "regex"
version = "2026.9.29"
source = { registry = "https://pypi.org/simple" }
sdist = { url = "https://files.pythonhosted.org/packages/fc/f2/af1da9d3ceed77bfcdce40427d49ba0be94e4fe84245e3bfef68c10e75b6/regex-2026.9.29.tar.gz", hash = "sha256:8b5fcc4771732191b2b7d1dd68d8f0353f47f8d90b6150f6dce58bf1112442cb", size = 419199, upload-time = "2026-09-29T00:49:58.298Z" }
wheels = [
    { url = "https://files.pythonhosted.org/packages/84/48/3fdcde9a0baa84d7d25571223265d6e434e114763b438601d54a8028bf3e/regex-2026.9.29-cp312-cp312-macosx_10_13_universal2.whl", hash = "sha256:dc79d36d0618752265f0d575915bdc5c5130ecb9c9f6b3bcefeae32e4bdfafcf", size = 497903, upload-time = "2026-09-29T00:46:38.938Z" },
    { url = "https://files.pythonhosted.org/packages/2e/1c/4ee3e97c76f53940488dfe7a7e18705e78daac8cd7fb161d246b9e328449/regex-2026.9.29-cp312-cp312-macosx_10_13_x86_64.whl", hash = "sha256:3a21a9509d0ee88e7a70e1ad228cd2f0e0fd1e187458db132e8a8d18c97daf9d", size = 296416, upload-time = "2026-09-29T00:46:40.406Z" },
    { url = "https://files.pythonhosted.org/packages/37/14/f3f0ba083d2094392d5eabf56db5ea6ba469fd6e927afd187042054ea68a/regex-2026.9.29-cp312-cp312-macosx_11_0_arm64.whl", hash = "sha256:f57dc6b8fef170f105d2cf5cdce254f47b137d7755086cf7050f47e16582abba", size = 293633, upload-time = "2026-09-29T00:46:41.959Z" },
    { url = "https://files.pythonhosted.org/packages/c9/72/67e7a8ce17f1aea49df215564048efb49cc8c2b31a0e0fc30f36838f8516/regex-2026.9.29-cp312-cp312-manylinux2014_aarch64.manylinux_2_17_aarch64.manylinux_2_28_aarch64.whl", hash = "sha256:f93bc1c3486ef3747e07c9d7c1d0a147b8fbaab975f80e348aed6f71309dfaca", size = 805885, upload-time = "2026-09-29T00:46:43.373Z" },
    { url = "https://files.pythonhosted.org/packages/f6/78/25436bcfd4d2260b4b4090094d55d7ab53ec8a1ab4865a0b8bcb33c7d5c0/regex-2026.9.29-cp312-cp312-manylinux2014_ppc64le.manylinux_2_17_ppc64le.manylinux_2_28_ppc64le.whl", hash = "sha256:9e1d3a4cb7993b708f0ada8d0c84590efd853f169e7147d2202c9da503180242", size = 878344, upload-time = "2026-09-29T00:46:45.328Z" },
    { url = "https://files.pythonhosted.org/packages/97/e6/a09ec3a23ae41d6179880e67f0aace9284b2d95f2d7b326eff203f8eec5e/regex-2026.9.29-cp312-cp312-manylinux2014_s390x.manylinux_2_17_s390x.manylinux_2_28_s390x.whl", hash = "sha256:dabee8f4935e731fb46b2a3091bdda0d3d94b3bbfb907d2b4f12eefce4009619", size = 919181, upload-time = "2026-09-29T00:46:47.041Z" },
    { url = "https://files.pythonhosted.org/packages/26/83/d2fbd2e4e3afb1167daa825187d196f313cbaa1a4768f311fb041bb0e3d2/regex-2026.9.29-cp312-cp312-manylinux2014_x86_64.manylinux_2_17_x86_64.manylinux_2_28_x86_64.whl", hash = "sha256:39ab5894d971f9ac68baa6eca5c50387db579cfcacf36ae8df3feceb1815e6d0", size = 807783, upload-time = "2026-09-29T00:46:48.894Z" },
    { url = "https://files.pythonhosted.org/packages/46/0b/eb429a7016610d44fc89a597163f8c9127505f0d7dc724dc9effbb6a3ac0/regex-2026.9.29-cp312-cp312-manylinux_2_31_riscv64.manylinux_2_39_riscv64.whl", hash = "sha256:c1a9a6651197fbed6f0212591418b9def774fc3f8324f78d1bf0e6a63e5f8aa1", size = 783465, upload-time = "2026-09-29T00:46:50.64Z" },
    { url = "https://files.pythonhosted.org/packages/1b/07/58a3c0153c7476898430f6a7cf3d9062a1d17fbea4f43399ecaf411c7b4c/regex-2026.9.29-cp312-cp312-musllinux_1_2_aarch64.whl", hash = "sha256:87fb80cbe3557e27e7b28b995c2b2eedf689b8886f941ab93e0e288f0976518a", size = 793519, upload-time = "2026-09-29T00:46:52.396Z" },
    { url = "https://files.pythonhosted.org/packages/2a/e8/161b94d39164520e21a7befe0245569bf7fda4c7cf1fc4e2df2b5def49da/regex-2026.9.29-cp312-cp312-musllinux_1_2_ppc64le.whl", hash = "sha256:3c5c2ef13797466aa64170cbb66ad98a32351dd4127694cea7199f80f213750d", size = 869293, upload-time = "2026-09-29T00:46:54.128Z" },
    { url = "https://files.pythonhosted.org/packages/8f/07/3b02ed829aa2decdc1955d222bd1e2f99d1c8bb4873bbb9a66b2f0a36bff/regex-2026.9.29-cp312-cp312-musllinux_1_2_riscv64.whl", hash = "sha256:59b49507f47479e299a9e1bc41b5cb83a7afda0540625f1dbae886615978acbf", size = 770239, upload-time = "2026-09-29T00:46:56.106Z" },
    { url = "https://files.pythonhosted.org/packages/42/5b/ba61f6fe062eb8562e742367d177bb75370434138ef6c9d2a27114f8d613/regex-2026.9.29-cp312-cp312-musllinux_1_2_s390x.whl", hash = "sha256:0dd8af32e9f7b56b7f95cc1fd79b23054c3bdc172392ae560acc24d57b7ffe71", size = 861973, upload-time = "2026-09-29T00:46:57.665Z" },
    { url = "https://files.pythonhosted.org/packages/cc/27/767259b20e8a842948990f5e99138d6c077248fd42f8b5468b1d9ca4b814/regex-2026.9.29-cp312-cp312-musllinux_1_2_x86_64.whl", hash = "sha256:db5e82ba15c142425b8406690032df89e39cca4a2e8afbbb9a3d84edc2373ac3", size = 796470, upload-time = "2026-09-29T00:46:59.236Z" },
    { url = "https://files.pythonhosted.org/packages/a0/05/2566c4ba849b68a8ab81a6bf428fa79d20aae7ddee83979103c0381df254/regex-2026.9.29-cp312-cp312-win32.whl", hash = "sha256:d0c3082bf79bcd6a614d55916590ad4b8f93200e10b97f463ea5d9d07c9b5f23", size = 269327, upload-time = "2026-09-29T00:47:01.135Z" },
    { url = "https://files.pythonhosted.org/packages/93/19/489bc8db91196381c935752df01ba3f607140daece33b78d88573f028e64/regex-2026.9.29-cp312-cp312-win_amd64.whl", hash = "sha256:fdd88ed5e20b1bcdd234421e454962c971aa44b653bdb7f1ea9ef683e90fb649", size = 280334, upload-time = "2026-09-29T00:47:04.436Z" },
    { url = "https://files.pythonhosted.org/packages/0b/47/fb88ba779d0e5e7d4b0ec1aceeb13845948a2cb876bd572a2d1dfdba090b/regex-2026.9.29-cp312-cp312-win_arm64.whl", hash = "sha256:4fe97894d1b306c919b4e50def1e6f6c522f4d03a7283811f4d108f1ce5d3ac2", size = 279614, upload-time = "2026-09-29T00:47:06.541Z" },
]

[[package]]
name = "requests"
version = "2.34.2"
source = { registry = "https://pypi.org/simple" }
dependencies = [
    { name = "certifi" },
    { name = "charset-normalizer" },
    { name = "idna" },
    { name = "urllib3" },
]
sdist = { url = "https://files.pythonhosted.org/packages/ac/c3/e2a2b89f2d3e2179abd6d00ebd70bff6273f37fb3e0cc209f48b39d00cbf/requests-2.34.2.tar.gz", hash = "sha256:f288924cae4e29463698d6d60bc6a4da69c89185ad1e0bcc4104f584e960b9ed", size = 142856, upload-time = "2026-05-14T19:25:27.735Z" }
wheels = [
    { url = "https://files.pythonhosted.org/packages/a0/f4/c67b0b3f1b9245e8d266f0f112c500d50e5b4e83cb6f3b71b6528104182a/requests-2.34.2-py3-none-any.whl", hash = "sha256:2a0d60c172f83ac6ab31e4554906c0f3b3588d37b5cb939b1c061f4907e278e0", size = 73075, upload-time = "2026-05-14T19:25:26.443Z" },
]

[[package]]
name = "ruff"
version = "0.12.9"
source = { registry = "https://pypi.org/simple" }
sdist = { url = "https://files.pythonhosted.org/packages/4a/45/2e403fa7007816b5fbb324cb4f8ed3c7402a927a0a0cb2b6279879a8bfdc/ruff-0.12.9.tar.gz", hash = "sha256:fbd94b2e3c623f659962934e52c2bea6fc6da11f667a427a368adaf3af2c866a", size = 5254702, upload-time = "2025-08-14T16:08:55.2Z" }
wheels = [
    { url = "https://files.pythonhosted.org/packages/ad/20/53bf098537adb7b6a97d98fcdebf6e916fcd11b2e21d15f8c171507909cc/ruff-0.12.9-py3-none-linux_armv6l.whl", hash = "sha256:fcebc6c79fcae3f220d05585229463621f5dbf24d79fdc4936d9302e177cfa3e", size = 11759705, upload-time = "2025-08-14T16:08:12.968Z" },
    { url = "https://files.pythonhosted.org/packages/20/4d/c764ee423002aac1ec66b9d541285dd29d2c0640a8086c87de59ebbe80d5/ruff-0.12.9-py3-none-macosx_10_12_x86_64.whl", hash = "sha256:aed9d15f8c5755c0e74467731a007fcad41f19bcce41cd75f768bbd687f8535f", size = 12527042, upload-time = "2025-08-14T16:08:16.54Z" },
    { url = "https://files.pythonhosted.org/packages/8b/45/cfcdf6d3eb5fc78a5b419e7e616d6ccba0013dc5b180522920af2897e1be/ruff-0.12.9-py3-none-macosx_11_0_arm64.whl", hash = "sha256:5b15ea354c6ff0d7423814ba6d44be2807644d0c05e9ed60caca87e963e93f70", size = 11724457, upload-time = "2025-08-14T16:08:18.686Z" },
    { url = "https://files.pythonhosted.org/packages/72/e6/44615c754b55662200c48bebb02196dbb14111b6e266ab071b7e7297b4ec/ruff-0.12.9-py3-none-manylinux_2_17_aarch64.manylinux2014_aarch64.whl", hash = "sha256:d596c2d0393c2502eaabfef723bd74ca35348a8dac4267d18a94910087807c53", size = 11949446, upload-time = "2025-08-14T16:08:21.059Z" },
    { url = "https://files.pythonhosted.org/packages/fd/d1/9b7d46625d617c7df520d40d5ac6cdcdf20cbccb88fad4b5ecd476a6bb8d/ruff-0.12.9-py3-none-manylinux_2_17_armv7l.manylinux2014_armv7l.whl", hash = "sha256:1b15599931a1a7a03c388b9c5df1bfa62be7ede6eb7ef753b272381f39c3d0ff", size = 11566350, upload-time = "2025-08-14T16:08:23.433Z" },
    { url = "https://files.pythonhosted.org/packages/59/20/b73132f66f2856bc29d2d263c6ca457f8476b0bbbe064dac3ac3337a270f/ruff-0.12.9-py3-none-manylinux_2_17_i686.manylinux2014_i686.whl", hash = "sha256:3d02faa2977fb6f3f32ddb7828e212b7dd499c59eb896ae6c03ea5c303575756", size = 13270430, upload-time = "2025-08-14T16:08:25.837Z" },
    { url = "https://files.pythonhosted.org/packages/a2/21/eaf3806f0a3d4c6be0a69d435646fba775b65f3f2097d54898b0fd4bb12e/ruff-0.12.9-py3-none-manylinux_2_17_ppc64.manylinux2014_ppc64.whl", hash = "sha256:17d5b6b0b3a25259b69ebcba87908496e6830e03acfb929ef9fd4c58675fa2ea", size = 14264717, upload-time = "2025-08-14T16:08:27.907Z" },
    { url = "https://files.pythonhosted.org/packages/d2/82/1d0c53bd37dcb582b2c521d352fbf4876b1e28bc0d8894344198f6c9950d/ruff-0.12.9-py3-none-manylinux_2_17_ppc64le.manylinux2014_ppc64le.whl", hash = "sha256:72db7521860e246adbb43f6ef464dd2a532ef2ef1f5dd0d470455b8d9f1773e0", size = 13684331, upload-time = "2025-08-14T16:08:30.352Z" },
    { url = "https://files.pythonhosted.org/packages/3b/2f/1c5cf6d8f656306d42a686f1e207f71d7cebdcbe7b2aa18e4e8a0cb74da3/ruff-0.12.9-py3-none-manylinux_2_17_s390x.manylinux2014_s390x.whl", hash = "sha256:a03242c1522b4e0885af63320ad754d53983c9599157ee33e77d748363c561ce", size = 12739151, upload-time = "2025-08-14T16:08:32.55Z" },
    { url = "https://files.pythonhosted.org/packages/47/09/25033198bff89b24d734e6479e39b1968e4c992e82262d61cdccaf11afb9/ruff-0.12.9-py3-none-manylinux_2_17_x86_64.manylinux2014_x86_64.whl", hash = "sha256:9fc83e4e9751e6c13b5046d7162f205d0a7bac5840183c5beebf824b08a27340", size = 12954992, upload-time = "2025-08-14T16:08:34.816Z" },
    { url = "https://files.pythonhosted.org/packages/52/8e/d0dbf2f9dca66c2d7131feefc386523404014968cd6d22f057763935ab32/ruff-0.12.9-py3-none-manylinux_2_31_riscv64.whl", hash = "sha256:881465ed56ba4dd26a691954650de6ad389a2d1fdb130fe51ff18a25639fe4bb", size = 12899569, upload-time = "2025-08-14T16:08:36.852Z" },
    { url = "https://files.pythonhosted.org/packages/a0/bd/b614d7c08515b1428ed4d3f1d4e3d687deffb2479703b90237682586fa66/ruff-0.12.9-py3-none-musllinux_1_2_aarch64.whl", hash = "sha256:43f07a3ccfc62cdb4d3a3348bf0588358a66da756aa113e071b8ca8c3b9826af", size = 11751983, upload-time = "2025-08-14T16:08:39.314Z" },
    { url = "https://files.pythonhosted.org/packages/58/d6/383e9f818a2441b1a0ed898d7875f11273f10882f997388b2b51cb2ae8b5/ruff-0.12.9-py3-none-musllinux_1_2_armv7l.whl", hash = "sha256:07adb221c54b6bba24387911e5734357f042e5669fa5718920ee728aba3cbadc", size = 11538635, upload-time = "2025-08-14T16:08:41.297Z" },
    { url = "https://files.pythonhosted.org/packages/20/9c/56f869d314edaa9fc1f491706d1d8a47747b9d714130368fbd69ce9024e9/ruff-0.12.9-py3-none-musllinux_1_2_i686.whl", hash = "sha256:f5cd34fabfdea3933ab85d72359f118035882a01bff15bd1d2b15261d85d5f66", size = 12534346, upload-time = "2025-08-14T16:08:43.39Z" },
    { url = "https://files.pythonhosted.org/packages/bd/4b/d8b95c6795a6c93b439bc913ee7a94fda42bb30a79285d47b80074003ee7/ruff-0.12.9-py3-none-musllinux_1_2_x86_64.whl", hash = "sha256:f6be1d2ca0686c54564da8e7ee9e25f93bdd6868263805f8c0b8fc6a449db6d7", size = 13017021, upload-time = "2025-08-14T16:08:45.889Z" },
    { url = "https://files.pythonhosted.org/packages/c7/c1/5f9a839a697ce1acd7af44836f7c2181cdae5accd17a5cb85fcbd694075e/ruff-0.12.9-py3-none-win32.whl", hash = "sha256:cc7a37bd2509974379d0115cc5608a1a4a6c4bff1b452ea69db83c8855d53f93", size = 11734785, upload-time = "2025-08-14T16:08:48.062Z" },
    { url = "https://files.pythonhosted.org/packages/fa/66/cdddc2d1d9a9f677520b7cfc490d234336f523d4b429c1298de359a3be08/ruff-0.12.9-py3-none-win_amd64.whl", hash = "sha256:6fb15b1977309741d7d098c8a3cb7a30bc112760a00fb6efb7abc85f00ba5908", size = 12840654, upload-time = "2025-08-14T16:08:50.158Z" },
    { url = "https://files.pythonhosted.org/packages/ac/fd/669816bc6b5b93b9586f3c1d87cd6bc05028470b3ecfebb5938252c47a35/ruff-0.12.9-py3-none-win_arm64.whl", hash = "sha256:63c8c819739d86b96d500cce885956a1a48ab056bbcbc61b747ad494b2485089", size = 11949623, upload-time = "2025-08-14T16:08:52.233Z" },
]

[[package]]
name = "tiktoken"
version = "0.9.0"
source = { registry = "https://pypi.org/simple" }
dependencies = [
    { name = "regex" },
    { name = "requests" },
]
sdist = { url = "https://files.pythonhosted.org/packages/ea/cf/756fedf6981e82897f2d570dd25fa597eb3f4459068ae0572d7e888cfd6f/tiktoken-0.9.0.tar.gz", hash = "sha256:d02a5ca6a938e0490e1ff957bc48c8b078c88cb83977be1625b1fd8aac792c5d", size = 35991, upload-time = "2025-02-14T06:03:01.003Z" }
wheels = [
    { url = "https://files.pythonhosted.org/packages/cf/e5/21ff33ecfa2101c1bb0f9b6df750553bd873b7fb532ce2cb276ff40b197f/tiktoken-0.9.0-cp312-cp312-macosx_10_13_x86_64.whl", hash = "sha256:e88f121c1c22b726649ce67c089b90ddda8b9662545a8aeb03cfef15967ddd03", size = 1065073, upload-time = "2025-02-14T06:02:24.768Z" },
    { url = "https://files.pythonhosted.org/packages/8e/03/a95e7b4863ee9ceec1c55983e4cc9558bcfd8f4f80e19c4f8a99642f697d/tiktoken-0.9.0-cp312-cp312-macosx_11_0_arm64.whl", hash = "sha256:a6600660f2f72369acb13a57fb3e212434ed38b045fd8cc6cdd74947b4b5d210", size = 1008075, upload-time = "2025-02-14T06:02:26.92Z" },
    { url = "https://files.pythonhosted.org/packages/40/10/1305bb02a561595088235a513ec73e50b32e74364fef4de519da69bc8010/tiktoken-0.9.0-cp312-cp312-manylinux_2_17_aarch64.manylinux2014_aarch64.whl", hash = "sha256:95e811743b5dfa74f4b227927ed86cbc57cad4df859cb3b643be797914e41794", size = 1140754, upload-time = "2025-02-14T06:02:28.124Z" },
    { url = "https://files.pythonhosted.org/packages/1b/40/da42522018ca496432ffd02793c3a72a739ac04c3794a4914570c9bb2925/tiktoken-0.9.0-cp312-cp312-manylinux_2_17_x86_64.manylinux2014_x86_64.whl", hash = "sha256:99376e1370d59bcf6935c933cb9ba64adc29033b7e73f5f7569f3aad86552b22", size = 1196678, upload-time = "2025-02-14T06:02:29.845Z" },
    { url = "https://files.pythonhosted.org/packages/5c/41/1e59dddaae270ba20187ceb8aa52c75b24ffc09f547233991d5fd822838b/tiktoken-0.9.0-cp312-cp312-musllinux_1_2_x86_64.whl", hash = "sha256:badb947c32739fb6ddde173e14885fb3de4d32ab9d8c591cbd013c22b4c31dd2", size = 1259283, upload-time = "2025-02-14T06:02:33.838Z" },
    { url = "https://files.pythonhosted.org/packages/5b/64/b16003419a1d7728d0d8c0d56a4c24325e7b10a21a9dd1fc0f7115c02f0a/tiktoken-0.9.0-cp312-cp312-win_amd64.whl", hash = "sha256:5a62d7a25225bafed786a524c1b9f0910a1128f4232615bf3f8257a73aaa3b16", size = 894897, upload-time = "2025-02-14T06:02:36.265Z" },
]

[[package]]
name = "urllib3"
version = "2.8.0"
source = { registry = "https://pypi.org/simple" }
sdist = { url = "https://files.pythonhosted.org/packages/e3/05/b17359e1cefb4f909b5e40b1b90a496d987258916dbbf88e842c729f510e/urllib3-2.8.0.tar.gz", hash = "sha256:63bf2ead4c879426ebf22ef2a781eeb4aa3b4ae798a0435506f8687fd5bb9b63", size = 458972, upload-time = "2026-09-15T19:29:36.253Z" }
wheels = [
    { url = "https://files.pythonhosted.org/packages/92/9d/c4e665119135114480843e7ab388fa94d8480650450e6f8e26b70d323a4c/urllib3-2.8.0-py3-none-any.whl", hash = "sha256:0cf3cae568d36aa9576b28dfb35f11328f1cb974ca7647d9475ebb86c75ac6e3", size = 135717, upload-time = "2026-09-15T19:29:34.577Z" },
]
